Microsoft Visual Studio Solution File, Format Version 12.00
# Visual Studio Version 17
VisualStudioVersion = 17.5.2.0
MinimumVisualStudioVersion = 10.0.40219.1
Project("{FAE04EC0-301F-11D3-BF4B-00C04F79EFBC}") = "DatabaseTestRunner", "DatabaseTestRunner.csproj", "{75CD7E46-FEC6-ACB2-70E0-4D581F2F2D31}"
EndProject
Global
	GlobalSection(SolutionConfigurationPlatforms) = preSolution
		Debug|Any CPU = Debug|Any CPU
		Release|Any CPU = Release|Any CPU
	EndGlobalSection
	GlobalSection(ProjectConfigurationPlatforms) = postSolution
		{75CD7E46-FEC6-ACB2-70E0-4D581F2F2D31}.Debug|Any CPU.ActiveCfg = Debug|Any CPU
		{75CD7E46-FEC6-ACB2-70E0-4D581F2F2D31}.Debug|Any CPU.Build.0 = Debug|Any CPU
		{75CD7E46-FEC6-ACB2-70E0-4D581F2F2D31}.Release|Any CPU.ActiveCfg = Release|Any CPU
		{75CD7E46-FEC6-ACB2-70E0-4D581F2F2D31}.Release|Any CPU.Build.0 = Release|Any CPU
	EndGlobalSection
	GlobalSection(SolutionProperties) = preSolution
		HideSolutionNode = FALSE
	EndGlobalSection
	GlobalSection(ExtensibilityGlobals) = postSolution
		SolutionGuid = {F7C2E1C9-A168-4368-A837-1D38C6765C2E}
	EndGlobalSection
EndGlobal
