
Microsoft Visual Studio Solution File, Format Version 12.00
# Visual Studio Version 17
VisualStudioVersion = 17.13.35919.96 d17.13
MinimumVisualStudioVersion = 10.0.40219.1
Project("{00D1A9C2-B5F0-4AF3-8072-F6C62B433612}") = "AfterInitialImport", "AfterInitialImport.sqlproj", "{67797CA4-40DA-4526-B631-D558F7CF619A}"
EndProject
Global
	GlobalSection(SolutionConfigurationPlatforms) = preSolution
		Debug|Any CPU = Debug|Any CPU
		Release|Any CPU = Release|Any CPU
	EndGlobalSection
	GlobalSection(ProjectConfigurationPlatforms) = postSolution
		{67797CA4-40DA-4526-B631-D558F7CF619A}.Debug|Any CPU.ActiveCfg = Debug|Any CPU
		{67797CA4-40DA-4526-B631-D558F7CF619A}.Debug|Any CPU.Build.0 = Debug|Any CPU
		{67797CA4-40DA-4526-B631-D558F7CF619A}.Debug|Any CPU.Deploy.0 = Debug|Any CPU
		{67797CA4-40DA-4526-B631-D558F7CF619A}.Release|Any CPU.ActiveCfg = Release|Any CPU
		{67797CA4-40DA-4526-B631-D558F7CF619A}.Release|Any CPU.Build.0 = Release|Any CPU
		{67797CA4-40DA-4526-B631-D558F7CF619A}.Release|Any CPU.Deploy.0 = Release|Any CPU
	EndGlobalSection
	GlobalSection(SolutionProperties) = preSolution
		HideSolutionNode = FALSE
	EndGlobalSection
	GlobalSection(ExtensibilityGlobals) = postSolution
		SolutionGuid = {814F7540-1E89-468B-8D3C-E3A66DE61D62}
	EndGlobalSection
EndGlobal
